
Microsoft Visual Studio Solution File, Format Version 12.00
# Visual Studio Version 17
VisualStudioVersion = 17.3.32901.215
MinimumVisualStudioVersion = 10.0.40219.1
Project("{FAE04EC0-301F-11D3-BF4B-00C04F79EFBC}") = "Snake2", "Snake2\Snake2.csproj", "{C72AC91A-90F8-4DAB-A8EB-687B034E230B}"
EndProject
Global
	GlobalSection(SolutionConfigurationPlatforms) = preSolution
		Debug|Any CPU = Debug|Any CPU
		Release|Any CPU = Release|Any CPU
	EndGlobalSection
	GlobalSection(ProjectConfigurationPlatforms) = postSolution
		{C72AC91A-90F8-4DAB-A8EB-687B034E230B}.Debug|Any CPU.ActiveCfg = Debug|Any CPU
		{C72AC91A-90F8-4DAB-A8EB-687B034E230B}.Debug|Any CPU.Build.0 = Debug|Any CPU
		{C72AC91A-90F8-4DAB-A8EB-687B034E230B}.Release|Any CPU.ActiveCfg = Release|Any CPU
		{C72AC91A-90F8-4DAB-A8EB-687B034E230B}.Release|Any CPU.Build.0 = Release|Any CPU
	EndGlobalSection
	GlobalSection(SolutionProperties) = preSolution
		HideSolutionNode = FALSE
	EndGlobalSection
	GlobalSection(ExtensibilityGlobals) = postSolution
		SolutionGuid = {0BCB19CB-2A82-4EA2-BC26-63302E25E536}
	EndGlobalSection
EndGlobal
